
Microsoft Visual Studio Solution File, Format Version 12.00
# Visual Studio Version 16
VisualStudioVersion = 16.0.30011.22
MinimumVisualStudioVersion = 10.0.40219.1
Project("{9A19103F-16F7-4668-BE54-9A1E7A4F7556}") = "ASPMYSQL", "ASPMYSQL.csproj", "{5CE5BD88-B877-4293-A8C8-2A6E5E6E9E37}"
EndProject
Project("{FAE04EC0-301F-11D3-BF4B-00C04F79EFBC}") = "BL", "..\BL\BL.csproj", "{00E59143-44D2-4884-A354-D9D4DC09F839}"
EndProject
Project("{FAE04EC0-301F-11D3-BF4B-00C04F79EFBC}") = "DAL", "..\DAL\DAL.csproj", "{F3D2E0F6-A35F-459F-842F-13AC43AB1EA3}"
EndProject
Global
	GlobalSection(SolutionConfigurationPlatforms) = preSolution
		Debug|Any CPU = Debug|Any CPU
		Release|Any CPU = Release|Any CPU
	EndGlobalSection
	GlobalSection(ProjectConfigurationPlatforms) = postSolution
		{5CE5BD88-B877-4293-A8C8-2A6E5E6E9E37}.Debug|Any CPU.ActiveCfg = Debug|Any CPU
		{5CE5BD88-B877-4293-A8C8-2A6E5E6E9E37}.Debug|Any CPU.Build.0 = Debug|Any CPU
		{5CE5BD88-B877-4293-A8C8-2A6E5E6E9E37}.Release|Any CPU.ActiveCfg = Release|Any CPU
		{5CE5BD88-B877-4293-A8C8-2A6E5E6E9E37}.Release|Any CPU.Build.0 = Release|Any CPU
		{00E59143-44D2-4884-A354-D9D4DC09F839}.Debug|Any CPU.ActiveCfg = Debug|Any CPU
		{00E59143-44D2-4884-A354-D9D4DC09F839}.Debug|Any CPU.Build.0 = Debug|Any CPU
		{00E59143-44D2-4884-A354-D9D4DC09F839}.Release|Any CPU.ActiveCfg = Release|Any CPU
		{00E59143-44D2-4884-A354-D9D4DC09F839}.Release|Any CPU.Build.0 = Release|Any CPU
		{F3D2E0F6-A35F-459F-842F-13AC43AB1EA3}.Debug|Any CPU.ActiveCfg = Debug|Any CPU
		{F3D2E0F6-A35F-459F-842F-13AC43AB1EA3}.Debug|Any CPU.Build.0 = Debug|Any CPU
		{F3D2E0F6-A35F-459F-842F-13AC43AB1EA3}.Release|Any CPU.ActiveCfg = Release|Any CPU
		{F3D2E0F6-A35F-459F-842F-13AC43AB1EA3}.Release|Any CPU.Build.0 = Release|Any CPU
	EndGlobalSection
	GlobalSection(SolutionProperties) = preSolution
		HideSolutionNode = FALSE
	EndGlobalSection
	GlobalSection(ExtensibilityGlobals) = postSolution
		SolutionGuid = {4F464DCD-9FFD-4BD1-BDF7-C634FA007368}
	EndGlobalSection
EndGlobal
